dependencies:
- name: memcached
  repository: https://charts.helm.sh/stable
  version: 3.2.3
- name: memcached
  repository: https://charts.helm.sh/stable
  version: 3.2.3
- name: memcached
  repository: https://charts.helm.sh/stable
  version: 3.2.3
- name: minio
  repository: https://helm.min.io/
  version: 8.0.0
- name: consul
  repository: https://helm.releases.hashicorp.com
  version: 0.25.0
digest: sha256:99e73e84c2b66b0535f352a7577ad05237194a0306cfa144d78cd189b4cb90fd
generated: "2021-01-22T16:07:17.144468308Z"
