dependencies:
- name: memcached
  repository: https://charts.bitnami.com/bitnami
  version: 5.5.2
- name: memcached
  repository: https://charts.bitnami.com/bitnami
  version: 5.5.2
- name: memcached
  repository: https://charts.bitnami.com/bitnami
  version: 5.5.2
- name: memcached
  repository: https://charts.bitnami.com/bitnami
  version: 5.5.2
- name: minio
  repository: https://helm.min.io/
  version: 8.0.10
digest: sha256:721e88dc6ab63573059b45b7d0d0c680c0702d34f9bdf396bcfbad121f830c9e
generated: "2022-05-24T12:43:43.108071-05:00"
