dependencies:
- name: memcached
  repository: https://charts.bitnami.com/bitnami
  version: 6.0.16
- name: memcached
  repository: https://charts.bitnami.com/bitnami
  version: 6.0.16
- name: memcached
  repository: https://charts.bitnami.com/bitnami
  version: 6.0.16
- name: minio
  repository: https://helm.min.io/
  version: 8.0.10
digest: sha256:e118e8ab51f6af8213a96cf79d84410b1575f8b139525f68c38ff1dcf39648a4
generated: "2022-04-20T13:58:20.850415797+02:00"
