dependencies:
- name: memcached
  repository: https://charts.bitnami.com/bitnami
  version: 5.5.2
- name: memcached
  repository: https://charts.bitnami.com/bitnami
  version: 5.5.2
- name: memcached
  repository: https://charts.bitnami.com/bitnami
  version: 5.5.2
- name: minio
  repository: https://helm.min.io/
  version: 8.0.10
- name: rollout-operator
  repository: https://grafana.github.io/helm-charts
  version: 0.1.2
digest: sha256:e2adab7977ba17e2ba89f5861ef958c0200dbca4833ac1c295cdbb2d6b16607f
generated: "2022-04-26T07:24:06.213027922-05:00"
