dependencies:
- name: loki-simple-scalable
  repository: https://grafana.github.io/helm-charts
  version: 0.2.0
- name: minio
  repository: https://helm.min.io/
  version: 8.0.9
digest: sha256:1dd683a6d16f6d41f7f6d931ff7fc007133d689ca063b40960f9dd9534fc5e35
generated: "2022-03-18T17:16:26.514173687-06:00"
