dependencies:
- name: grafana
  repository: https://grafana.github.io/helm-charts
  version: 6.59.4
- name: loki-distributed
  repository: https://grafana.github.io/helm-charts
  version: 0.74.3
- name: mimir-distributed
  repository: https://grafana.github.io/helm-charts
  version: 5.1.0
- name: tempo-distributed
  repository: https://grafana.github.io/helm-charts
  version: 1.6.4
digest: sha256:2e781d8cd7104a330c8cb4b114017c6f67737d0d083b80a8afc187f3f6f89f63
generated: "2023-09-21T14:31:59.076563302+01:00"
