dependencies:
- name: alloy
  repository: https://grafana.github.io/helm-charts
  version: 0.6.0
- name: alloy
  repository: https://grafana.github.io/helm-charts
  version: 0.6.0
digest: sha256:e9dbff0d3707c403c1fb645eb33920a2219cc3156358134537e89caf39c588a5
generated: "2024-08-14T10:41:47.606272-07:00"
