dependencies:
- name: alloy
  repository: https://grafana.github.io/helm-charts
  version: 1.8.0
- name: alloy
  repository: https://grafana.github.io/helm-charts
  version: 1.8.0
digest: sha256:674985a05438ad23a08454a95a6aa89f43f16bd9122ee6e0f11250965d2b9df4
generated: "2026-04-28T16:03:44.473885946Z"
