dependencies:
- name: minio
  repository: https://charts.min.io/
  version: 5.4.0
- name: rollout-operator
  repository: https://grafana.github.io/helm-charts
  version: 0.46.0
digest: sha256:ab50f0f7899ab894b482782c3a87be7ba5c93b9861c414f83ed5686986515b1d
generated: "2026-03-26T18:37:16.953440674Z"
