dependencies:
- name: memcached
  repository: https://charts.bitnami.com/bitnami
  version: 5.5.2
- name: memcached
  repository: https://charts.bitnami.com/bitnami
  version: 5.5.2
- name: memcached
  repository: https://charts.bitnami.com/bitnami
  version: 5.5.2
- name: mimir-distributed
  repository: https://grafana.github.io/helm-charts
  version: 0.1.2
digest: sha256:b7435705762e8fcd2528a110e25c2db5512e04ee3ef0614e42fe08700d01299f
generated: "2022-03-31T20:01:28.147966501+02:00"
