dependencies:
- name: minio
  repository: https://charts.min.io/
  version: 4.1.0
- name: grafana-agent-operator
  repository: https://grafana.github.io/helm-charts
  version: 0.5.1
- name: rollout-operator
  repository: https://grafana.github.io/helm-charts
  version: 0.52.0
digest: sha256:3000ca6f89208175c2245eb71cf079c8e76572d4eebfe2f8e5ba169845974934
generated: "2026-09-15T07:04:30.054146013Z"
