dependencies:
- name: minio
  repository: https://charts.min.io/
  version: 4.1.0
- name: grafana-agent-operator
  repository: https://grafana.github.io/helm-charts
  version: 0.5.1
- name: rollout-operator
  repository: https://grafana.github.io/helm-charts
  version: 0.47.0
digest: sha256:e1985ad3d09b2c9272744f5fbf0e3e485948285f4059206b5e5d81223e118434
generated: "2026-04-28T16:04:13.95041948Z"
