dependencies:
- name: minio
  repository: https://charts.min.io/
  version: 4.1.0
- name: grafana-agent-operator
  repository: https://grafana.github.io/helm-charts
  version: 0.5.2
- name: rollout-operator
  repository: https://grafana.github.io/helm-charts
  version: 0.40.0
digest: sha256:374a085ccbe05abdcd2ce8c8fe004bf37743060b24c82d1790cadba044588461
generated: "2026-01-30T15:55:27.757173696Z"
